<?xml version="1.0" encoding="UTF-8" standalone="yes" ?>
<CodeBlocks_project_file>
	<FileVersion major="1" minor="6" />
	<Project>
		<Option title="ShadowChildren" />
		<Option pch_mode="2" />
		<Option compiler="gcc" />
		<Build>
			<Target title="Debug">
				<Option output="bin/Debug/ShadowChildren" prefix_auto="1" extension_auto="1" />
				<Option object_output="obj/Debug/" />
				<Option type="1" />
				<Option compiler="gcc" />
				<Option projectLinkerOptionsRelation="2" />
				<Compiler>
					<Add option="-g" />
				</Compiler>
				<Linker>
					<Add option="-lmingw32" />
				</Linker>
			</Target>
			<Target title="Release">
				<Option output="bin/Release/ShadowChildren" prefix_auto="1" extension_auto="1" />
				<Option object_output="obj/Release/" />
				<Option type="1" />
				<Option compiler="gcc" />
				<Compiler>
					<Add option="-O2" />
				</Compiler>
				<Linker>
					<Add option="-s" />
				</Linker>
			</Target>
		</Build>
		<Compiler>
			<Add option="-Wall" />
			<Add option="-fexceptions" />
			<Add option="-D_WIN32" />
			<Add directory="./MangGDK/include" />
		</Compiler>
		<Linker>
			<Add option="-lSDL2main -lSDL2 -lSDL2_image" />
			<Add directory="./MangGDK/lib" />
		</Linker>
		<Unit filename="MangGDK/include/MangGDK.h" />
		<Unit filename="MangGDK/include/MangGDK_Class_Image.h" />
		<Unit filename="MangGDK/include/MangGDK_Input.h" />
		<Unit filename="MangGDK/include/MangGDK_LoadImage.h" />
		<Unit filename="MangGDK/include/MangGDK_MakeAnimated.h" />
		<Unit filename="MangGDK/include/MangGDK_MultiThreading.h" />
		<Unit filename="MangGDK/include/MangGDK_PasteImage.h" />
		<Unit filename="MangGDK/include/MangGDK_Sync.h" />
		<Unit filename="main.cpp" />
		<Extensions>
			<code_completion />
			<envvars />
			<debugger />
			<lib_finder disable_auto="1" />
		</Extensions>
	</Project>
</CodeBlocks_project_file>
